{
  "name": "wordpress-client",
  "version": "0.5.4",
  "dependencies": {
    "abbrev": {
      "version": "1.0.9",
      "from": "abbrev@>=1.0.0 <2.0.0",
      "resolved": "https://registry.npmjs.org/abbrev/-/abbrev-1.0.9.tgz"
    },
    "abstract": {
      "version": "0.1.2",
      "from": "abstract@*",
      "resolved": "https://registry.npmjs.org/abstract/-/abstract-0.1.2.tgz"
    },
    "acorn": {
      "version": "1.2.2",
      "from": "acorn@>=1.0.3 <2.0.0",
      "resolved": "http://registry.npmjs.org/acorn/-/acorn-1.2.2.tgz"
    },
    "argparse": {
      "version": "0.1.16",
      "from": "argparse@>=0.1.11 <0.2.0",
      "resolved": "https://registry.npmjs.org/argparse/-/argparse-0.1.16.tgz",
      "dependencies": {
        "underscore.string": {
          "version": "2.4.0",
          "from": "underscore.string@>=2.4.0 <2.5.0",
          "resolved": "https://registry.npmjs.org/underscore.string/-/underscore.string-2.4.0.tgz"
        }
      }
    },
    "array-differ": {
      "version": "0.1.0",
      "from": "array-differ@>=0.1.0 <0.2.0",
      "resolved": "https://registry.npmjs.org/array-differ/-/array-differ-0.1.0.tgz"
    },
    "array-union": {
      "version": "0.1.0",
      "from": "array-union@>=0.1.0 <0.2.0",
      "resolved": "https://registry.npmjs.org/array-union/-/array-union-0.1.0.tgz"
    },
    "array-uniq": {
      "version": "0.1.1",
      "from": "array-uniq@>=0.1.0 <0.2.0",
      "resolved": "https://registry.npmjs.org/array-uniq/-/array-uniq-0.1.1.tgz"
    },
    "asn1": {
      "version": "0.1.11",
      "from": "asn1@0.1.11",
      "resolved": "http://registry.npmjs.org/asn1/-/asn1-0.1.11.tgz"
    },
    "assert-plus": {
      "version": "0.1.2",
      "from": "assert-plus@0.1.2",
      "resolved": "https://registry.npmjs.org/assert-plus/-/assert-plus-0.1.2.tgz"
    },
    "async": {
      "version": "0.9.2",
      "from": "async@>=0.9.0 <0.10.0",
      "resolved": "https://registry.npmjs.org/async/-/async-0.9.2.tgz"
    },
    "aws-sign": {
      "version": "0.3.0",
      "from": "aws-sign@>=0.3.0 <0.4.0",
      "resolved": "https://registry.npmjs.org/aws-sign/-/aws-sign-0.3.0.tgz"
    },
    "aws-sign2": {
      "version": "0.5.0",
      "from": "aws-sign2@>=0.5.0 <0.6.0",
      "resolved": "http://registry.npmjs.org/aws-sign2/-/aws-sign2-0.5.0.tgz"
    },
    "balanced-match": {
      "version": "0.3.0",
      "from": "balanced-match@>=0.3.0 <0.4.0",
      "resolved": "https://registry.npmjs.org/balanced-match/-/balanced-match-0.3.0.tgz"
    },
    "blanket": {
      "version": "1.1.10",
      "from": "blanket@>=1.1.6 <1.2.0",
      "resolved": "https://registry.npmjs.org/blanket/-/blanket-1.1.10.tgz"
    },
    "boom": {
      "version": "0.4.2",
      "from": "boom@>=0.4.0 <0.5.0",
      "resolved": "http://registry.npmjs.org/boom/-/boom-0.4.2.tgz",
      "dependencies": {
        "hoek": {
          "version": "0.9.1",
          "from": "hoek@>=0.9.0 <0.10.0",
          "resolved": "http://registry.npmjs.org/hoek/-/hoek-0.9.1.tgz"
        }
      }
    },
    "brace-expansion": {
      "version": "1.1.3",
      "from": "brace-expansion@>=1.0.0 <2.0.0",
      "resolved": "https://registry.npmjs.org/brace-expansion/-/brace-expansion-1.1.3.tgz"
    },
    "buffer-crc32": {
      "version": "0.2.5",
      "from": "buffer-crc32@>=0.2.1 <0.3.0",
      "resolved": "https://registry.npmjs.org/buffer-crc32/-/buffer-crc32-0.2.5.tgz"
    },
    "bytes": {
      "version": "0.2.0",
      "from": "bytes@0.2.0",
      "resolved": "https://registry.npmjs.org/bytes/-/bytes-0.2.0.tgz"
    },
    "cli": {
      "version": "0.6.6",
      "from": "cli@>=0.6.0 <0.7.0",
      "resolved": "https://registry.npmjs.org/cli/-/cli-0.6.6.tgz"
    },
    "cli-table": {
      "version": "0.3.1",
      "from": "cli-table@*",
      "resolved": "https://registry.npmjs.org/cli-table/-/cli-table-0.3.1.tgz",
      "dependencies": {
        "colors": {
          "version": "1.0.3",
          "from": "colors@1.0.3",
          "resolved": "https://registry.npmjs.org/colors/-/colors-1.0.3.tgz"
        }
      }
    },
    "coffee-script": {
      "version": "1.3.3",
      "from": "coffee-script@>=1.3.3 <1.4.0",
      "resolved": "https://registry.npmjs.org/coffee-script/-/coffee-script-1.3.3.tgz"
    },
    "colors": {
      "version": "1.1.2",
      "from": "colors@*",
      "resolved": "https://registry.npmjs.org/colors/-/colors-1.1.2.tgz"
    },
    "combined-stream": {
      "version": "0.0.7",
      "from": "combined-stream@>=0.0.4 <0.1.0",
      "resolved": "http://registry.npmjs.org/combined-stream/-/combined-stream-0.0.7.tgz"
    },
    "commander": {
      "version": "0.6.1",
      "from": "commander@0.6.1",
      "resolved": "https://registry.npmjs.org/commander/-/commander-0.6.1.tgz"
    },
    "concat-map": {
      "version": "0.0.1",
      "from": "concat-map@0.0.1",
      "resolved": "https://registry.npmjs.org/concat-map/-/concat-map-0.0.1.tgz"
    },
    "connect": {
      "version": "2.7.5",
      "from": "connect@2.7.5",
      "resolved": "https://registry.npmjs.org/connect/-/connect-2.7.5.tgz",
      "dependencies": {
        "buffer-crc32": {
          "version": "0.1.1",
          "from": "buffer-crc32@0.1.1",
          "resolved": "https://registry.npmjs.org/buffer-crc32/-/buffer-crc32-0.1.1.tgz"
        },
        "qs": {
          "version": "0.5.1",
          "from": "qs@0.5.1",
          "resolved": "https://registry.npmjs.org/qs/-/qs-0.5.1.tgz"
        }
      }
    },
    "console-browserify": {
      "version": "1.1.0",
      "from": "console-browserify@>=1.1.0 <1.2.0",
      "resolved": "https://registry.npmjs.org/console-browserify/-/console-browserify-1.1.0.tgz"
    },
    "cookie": {
      "version": "0.0.5",
      "from": "cookie@0.0.5",
      "resolved": "https://registry.npmjs.org/cookie/-/cookie-0.0.5.tgz"
    },
    "cookie-jar": {
      "version": "0.3.0",
      "from": "cookie-jar@>=0.3.0 <0.4.0",
      "resolved": "https://registry.npmjs.org/cookie-jar/-/cookie-jar-0.3.0.tgz"
    },
    "cookie-signature": {
      "version": "1.0.0",
      "from": "cookie-signature@1.0.0",
      "resolved": "https://registry.npmjs.org/cookie-signature/-/cookie-signature-1.0.0.tgz"
    },
    "core-util-is": {
      "version": "1.0.2",
      "from": "core-util-is@>=1.0.0 <1.1.0",
      "resolved": "https://registry.npmjs.org/core-util-is/-/core-util-is-1.0.2.tgz"
    },
    "cryptiles": {
      "version": "0.2.2",
      "from": "cryptiles@>=0.2.0 <0.3.0",
      "resolved": "http://registry.npmjs.org/cryptiles/-/cryptiles-0.2.2.tgz"
    },
    "ctype": {
      "version": "0.5.2",
      "from": "ctype@0.5.2",
      "resolved": "https://registry.npmjs.org/ctype/-/ctype-0.5.2.tgz"
    },
    "date-now": {
      "version": "0.1.4",
      "from": "date-now@>=0.1.4 <0.2.0",
      "resolved": "https://registry.npmjs.org/date-now/-/date-now-0.1.4.tgz"
    },
    "dateformat": {
      "version": "1.0.2-1.2.3",
      "from": "dateformat@1.0.2-1.2.3",
      "resolved": "https://registry.npmjs.org/dateformat/-/dateformat-1.0.2-1.2.3.tgz"
    },
    "debug": {
      "version": "1.0.4",
      "from": "debug@>=1.0.2 <1.1.0",
      "resolved": "https://registry.npmjs.org/debug/-/debug-1.0.4.tgz"
    },
    "deep-extend": {
      "version": "0.2.11",
      "from": "deep-extend@>=0.2.10 <0.3.0",
      "resolved": "https://registry.npmjs.org/deep-extend/-/deep-extend-0.2.11.tgz"
    },
    "delayed-stream": {
      "version": "0.0.5",
      "from": "delayed-stream@0.0.5",
      "resolved": "http://registry.npmjs.org/delayed-stream/-/delayed-stream-0.0.5.tgz"
    },
    "diff": {
      "version": "1.0.7",
      "from": "diff@1.0.7",
      "resolved": "https://registry.npmjs.org/diff/-/diff-1.0.7.tgz"
    },
    "dom-serializer": {
      "version": "0.1.0",
      "from": "dom-serializer@>=0.0.0 <1.0.0",
      "resolved": "https://registry.npmjs.org/dom-serializer/-/dom-serializer-0.1.0.tgz",
      "dependencies": {
        "domelementtype": {
          "version": "1.1.3",
          "from": "domelementtype@>=1.1.1 <1.2.0",
          "resolved": "https://registry.npmjs.org/domelementtype/-/domelementtype-1.1.3.tgz"
        },
        "entities": {
          "version": "1.1.1",
          "from": "entities@>=1.1.1 <1.2.0",
          "resolved": "https://registry.npmjs.org/entities/-/entities-1.1.1.tgz"
        }
      }
    },
    "domelementtype": {
      "version": "1.3.0",
      "from": "domelementtype@>=1.0.0 <2.0.0",
      "resolved": "https://registry.npmjs.org/domelementtype/-/domelementtype-1.3.0.tgz"
    },
    "domhandler": {
      "version": "2.3.0",
      "from": "domhandler@>=2.3.0 <2.4.0",
      "resolved": "https://registry.npmjs.org/domhandler/-/domhandler-2.3.0.tgz"
    },
    "domutils": {
      "version": "1.5.1",
      "from": "domutils@>=1.5.0 <1.6.0",
      "resolved": "https://registry.npmjs.org/domutils/-/domutils-1.5.1.tgz"
    },
    "entities": {
      "version": "1.0.0",
      "from": "entities@>=1.0.0 <1.1.0",
      "resolved": "https://registry.npmjs.org/entities/-/entities-1.0.0.tgz"
    },
    "esprima": {
      "version": "1.0.4",
      "from": "esprima@>=1.0.2 <1.1.0",
      "resolved": "https://registry.npmjs.org/esprima/-/esprima-1.0.4.tgz"
    },
    "eventemitter2": {
      "version": "0.4.14",
      "from": "eventemitter2@>=0.4.13 <0.5.0",
      "resolved": "https://registry.npmjs.org/eventemitter2/-/eventemitter2-0.4.14.tgz"
    },
    "exit": {
      "version": "0.1.2",
      "from": "exit@>=0.1.1 <0.2.0",
      "resolved": "https://registry.npmjs.org/exit/-/exit-0.1.2.tgz"
    },
    "express": {
      "version": "3.1.2",
      "from": "express@>=3.1.2 <3.2.0",
      "resolved": "https://registry.npmjs.org/express/-/express-3.1.2.tgz",
      "dependencies": {
        "mkdirp": {
          "version": "0.3.5",
          "from": "mkdirp@>=0.3.4 <0.4.0",
          "resolved": "http://registry.npmjs.org/mkdirp/-/mkdirp-0.3.5.tgz"
        }
      }
    },
    "falafel": {
      "version": "1.2.0",
      "from": "falafel@>=1.2.0 <1.3.0",
      "resolved": "https://registry.npmjs.org/falafel/-/falafel-1.2.0.tgz"
    },
    "faye-websocket": {
      "version": "0.4.4",
      "from": "faye-websocket@>=0.4.3 <0.5.0",
      "resolved": "https://registry.npmjs.org/faye-websocket/-/faye-websocket-0.4.4.tgz"
    },
    "findup-sync": {
      "version": "0.1.3",
      "from": "findup-sync@>=0.1.3 <0.2.0",
      "resolved": "https://registry.npmjs.org/findup-sync/-/findup-sync-0.1.3.tgz"
    },
    "foreach": {
      "version": "2.0.5",
      "from": "foreach@>=2.0.5 <3.0.0",
      "resolved": "https://registry.npmjs.org/foreach/-/foreach-2.0.5.tgz"
    },
    "forever-agent": {
      "version": "0.5.2",
      "from": "forever-agent@>=0.5.0 <0.6.0",
      "resolved": "https://registry.npmjs.org/forever-agent/-/forever-agent-0.5.2.tgz"
    },
    "form-data": {
      "version": "0.0.8",
      "from": "form-data@0.0.8",
      "resolved": "https://registry.npmjs.org/form-data/-/form-data-0.0.8.tgz",
      "dependencies": {
        "async": {
          "version": "0.2.10",
          "from": "async@>=0.2.7 <0.3.0",
          "resolved": "http://registry.npmjs.org/async/-/async-0.2.10.tgz"
        }
      }
    },
    "formidable": {
      "version": "1.0.11",
      "from": "formidable@1.0.11",
      "resolved": "https://registry.npmjs.org/formidable/-/formidable-1.0.11.tgz"
    },
    "fresh": {
      "version": "0.1.0",
      "from": "fresh@0.1.0",
      "resolved": "https://registry.npmjs.org/fresh/-/fresh-0.1.0.tgz"
    },
    "fs-extra": {
      "version": "0.9.1",
      "from": "fs-extra@>=0.9.1 <0.10.0",
      "resolved": "https://registry.npmjs.org/fs-extra/-/fs-extra-0.9.1.tgz"
    },
    "gaze": {
      "version": "0.5.2",
      "from": "gaze@>=0.5.1 <0.6.0",
      "resolved": "https://registry.npmjs.org/gaze/-/gaze-0.5.2.tgz"
    },
    "getobject": {
      "version": "0.1.0",
      "from": "getobject@>=0.1.0 <0.2.0",
      "resolved": "https://registry.npmjs.org/getobject/-/getobject-0.1.0.tgz"
    },
    "glob": {
      "version": "3.2.11",
      "from": "glob@>=3.2.9 <3.3.0",
      "resolved": "https://registry.npmjs.org/glob/-/glob-3.2.11.tgz"
    },
    "globule": {
      "version": "0.1.0",
      "from": "globule@>=0.1.0 <0.2.0",
      "resolved": "https://registry.npmjs.org/globule/-/globule-0.1.0.tgz",
      "dependencies": {
        "glob": {
          "version": "3.1.21",
          "from": "glob@>=3.1.21 <3.2.0"
        },
        "inherits": {
          "version": "1.0.2",
          "from": "inherits@>=1.0.0 <2.0.0"
        },
        "lodash": {
          "version": "1.0.2",
          "from": "lodash@>=1.0.1 <1.1.0",
          "resolved": "https://registry.npmjs.org/lodash/-/lodash-1.0.2.tgz"
        },
        "minimatch": {
          "version": "0.2.14",
          "from": "minimatch@>=0.2.11 <0.3.0"
        }
      }
    },
    "graceful-fs": {
      "version": "1.2.3",
      "from": "graceful-fs@>=1.2.0 <1.3.0",
      "resolved": "https://registry.npmjs.org/graceful-fs/-/graceful-fs-1.2.3.tgz"
    },
    "growl": {
      "version": "1.7.0",
      "from": "growl@>=1.7.0 <1.8.0",
      "resolved": "https://registry.npmjs.org/growl/-/growl-1.7.0.tgz"
    },
    "grunt-legacy-log": {
      "version": "0.1.3",
      "from": "grunt-legacy-log@>=0.1.0 <0.2.0",
      "resolved": "https://registry.npmjs.org/grunt-legacy-log/-/grunt-legacy-log-0.1.3.tgz",
      "dependencies": {
        "colors": {
          "version": "0.6.2",
          "from": "colors@>=0.6.2 <0.7.0"
        },
        "underscore.string": {
          "version": "2.3.3",
          "from": "underscore.string@>=2.3.3 <2.4.0",
          "resolved": "https://registry.npmjs.org/underscore.string/-/underscore.string-2.3.3.tgz"
        }
      }
    },
    "grunt-legacy-log-utils": {
      "version": "0.1.1",
      "from": "grunt-legacy-log-utils@>=0.1.1 <0.2.0",
      "resolved": "https://registry.npmjs.org/grunt-legacy-log-utils/-/grunt-legacy-log-utils-0.1.1.tgz",
      "dependencies": {
        "colors": {
          "version": "0.6.2",
          "from": "colors@>=0.6.2 <0.7.0"
        },
        "underscore.string": {
          "version": "2.3.3",
          "from": "underscore.string@>=2.3.3 <2.4.0",
          "resolved": "https://registry.npmjs.org/underscore.string/-/underscore.string-2.3.3.tgz"
        }
      }
    },
    "grunt-legacy-util": {
      "version": "0.2.0",
      "from": "grunt-legacy-util@>=0.2.0 <0.3.0",
      "resolved": "https://registry.npmjs.org/grunt-legacy-util/-/grunt-legacy-util-0.2.0.tgz",
      "dependencies": {
        "async": {
          "version": "0.1.22",
          "from": "async@>=0.1.22 <0.2.0"
        },
        "lodash": {
          "version": "0.9.2",
          "from": "lodash@>=0.9.2 <0.10.0"
        }
      }
    },
    "grunt-lib-contrib": {
      "version": "0.3.1",
      "from": "grunt-lib-contrib@>=0.3.0 <0.4.0",
      "resolved": "https://registry.npmjs.org/grunt-lib-contrib/-/grunt-lib-contrib-0.3.1.tgz"
    },
    "hawk": {
      "version": "0.13.1",
      "from": "hawk@>=0.13.0 <0.14.0",
      "resolved": "https://registry.npmjs.org/hawk/-/hawk-0.13.1.tgz"
    },
    "highlight.js": {
      "version": "7.3.0",
      "from": "highlight.js@>=7.3.0 <7.4.0",
      "resolved": "https://registry.npmjs.org/highlight.js/-/highlight.js-7.3.0.tgz"
    },
    "hoek": {
      "version": "0.8.5",
      "from": "hoek@>=0.8.0 <0.9.0",
      "resolved": "https://registry.npmjs.org/hoek/-/hoek-0.8.5.tgz"
    },
    "hooker": {
      "version": "0.2.3",
      "from": "hooker@>=0.2.3 <0.3.0",
      "resolved": "https://registry.npmjs.org/hooker/-/hooker-0.2.3.tgz"
    },
    "htmlparser2": {
      "version": "3.8.3",
      "from": "htmlparser2@>=3.8.0 <3.9.0",
      "resolved": "https://registry.npmjs.org/htmlparser2/-/htmlparser2-3.8.3.tgz"
    },
    "http-signature": {
      "version": "0.9.11",
      "from": "http-signature@>=0.9.11 <0.10.0",
      "resolved": "https://registry.npmjs.org/http-signature/-/http-signature-0.9.11.tgz"
    },
    "iconv-lite": {
      "version": "0.2.11",
      "from": "iconv-lite@>=0.2.11 <0.3.0",
      "resolved": "https://registry.npmjs.org/iconv-lite/-/iconv-lite-0.2.11.tgz"
    },
    "inflight": {
      "version": "1.0.4",
      "from": "inflight@>=1.0.4 <2.0.0",
      "resolved": "https://registry.npmjs.org/inflight/-/inflight-1.0.4.tgz"
    },
    "inherits": {
      "version": "2.0.1",
      "from": "inherits@>=2.0.0 <3.0.0",
      "resolved": "https://registry.npmjs.org/inherits/-/inherits-2.0.1.tgz"
    },
    "ini": {
      "version": "1.3.4",
      "from": "ini@>=1.3.0 <1.4.0",
      "resolved": "https://registry.npmjs.org/ini/-/ini-1.3.4.tgz"
    },
    "isarray": {
      "version": "0.0.1",
      "from": "isarray@0.0.1",
      "resolved": "https://registry.npmjs.org/isarray/-/isarray-0.0.1.tgz"
    },
    "jade": {
      "version": "0.26.3",
      "from": "jade@0.26.3",
      "resolved": "https://registry.npmjs.org/jade/-/jade-0.26.3.tgz",
      "dependencies": {
        "mkdirp": {
          "version": "0.3.0",
          "from": "mkdirp@0.3.0",
          "resolved": "https://registry.npmjs.org/mkdirp/-/mkdirp-0.3.0.tgz"
        }
      }
    },
    "js-yaml": {
      "version": "2.0.5",
      "from": "js-yaml@>=2.0.5 <2.1.0",
      "resolved": "https://registry.npmjs.org/js-yaml/-/js-yaml-2.0.5.tgz"
    },
    "jshint": {
      "version": "2.5.11",
      "from": "jshint@>=2.5.0 <2.6.0",
      "resolved": "https://registry.npmjs.org/jshint/-/jshint-2.5.11.tgz",
      "dependencies": {
        "minimatch": {
          "version": "1.0.0",
          "from": "minimatch@>=1.0.0 <1.1.0",
          "resolved": "https://registry.npmjs.org/minimatch/-/minimatch-1.0.0.tgz"
        },
        "underscore": {
          "version": "1.6.0",
          "from": "underscore@>=1.6.0 <1.7.0",
          "resolved": "https://registry.npmjs.org/underscore/-/underscore-1.6.0.tgz"
        }
      }
    },
    "json-stringify-safe": {
      "version": "4.0.0",
      "from": "json-stringify-safe@>=4.0.0 <4.1.0",
      "resolved": "https://registry.npmjs.org/json-stringify-safe/-/json-stringify-safe-4.0.0.tgz"
    },
    "jsonfile": {
      "version": "1.1.1",
      "from": "jsonfile@>=1.1.0 <1.2.0",
      "resolved": "https://registry.npmjs.org/jsonfile/-/jsonfile-1.1.1.tgz"
    },
    "lodash": {
      "version": "2.4.2",
      "from": "lodash@>=2.4.1 <2.5.0",
      "resolved": "https://registry.npmjs.org/lodash/-/lodash-2.4.2.tgz"
    },
    "lodash-node": {
      "version": "2.4.1",
      "from": "lodash-node@>=2.4.1 <2.5.0",
      "resolved": "https://registry.npmjs.org/lodash-node/-/lodash-node-2.4.1.tgz"
    },
    "lru-cache": {
      "version": "2.7.3",
      "from": "lru-cache@>=2.0.0 <3.0.0",
      "resolved": "https://registry.npmjs.org/lru-cache/-/lru-cache-2.7.3.tgz"
    },
    "marked": {
      "version": "0.2.10",
      "from": "marked@>=0.2.8 <0.3.0",
      "resolved": "https://registry.npmjs.org/marked/-/marked-0.2.10.tgz"
    },
    "methods": {
      "version": "0.0.1",
      "from": "methods@0.0.1",
      "resolved": "https://registry.npmjs.org/methods/-/methods-0.0.1.tgz"
    },
    "mime": {
      "version": "1.2.11",
      "from": "mime@>=1.2.11 <1.3.0",
      "resolved": "https://registry.npmjs.org/mime/-/mime-1.2.11.tgz"
    },
    "minimatch": {
      "version": "0.3.0",
      "from": "minimatch@>=0.3.0 <0.4.0",
      "resolved": "https://registry.npmjs.org/minimatch/-/minimatch-0.3.0.tgz"
    },
    "minimist": {
      "version": "0.0.8",
      "from": "minimist@0.0.8",
      "resolved": "https://registry.npmjs.org/minimist/-/minimist-0.0.8.tgz"
    },
    "mkdirp": {
      "version": "0.5.1",
      "from": "mkdirp@>=0.5.0 <0.6.0",
      "resolved": "https://registry.npmjs.org/mkdirp/-/mkdirp-0.5.1.tgz"
    },
    "mocha": {
      "version": "1.20.1",
      "from": "mocha@>=1.20.1 <1.21.0",
      "resolved": "https://registry.npmjs.org/mocha/-/mocha-1.20.1.tgz",
      "dependencies": {
        "commander": {
          "version": "2.0.0",
          "from": "commander@2.0.0",
          "resolved": "https://registry.npmjs.org/commander/-/commander-2.0.0.tgz"
        },
        "glob": {
          "version": "3.2.3",
          "from": "glob@3.2.3",
          "resolved": "https://registry.npmjs.org/glob/-/glob-3.2.3.tgz"
        },
        "graceful-fs": {
          "version": "2.0.3",
          "from": "graceful-fs@>=2.0.0 <2.1.0",
          "resolved": "https://registry.npmjs.org/graceful-fs/-/graceful-fs-2.0.3.tgz"
        },
        "minimatch": {
          "version": "0.2.14",
          "from": "minimatch@>=0.2.11 <0.3.0"
        },
        "mkdirp": {
          "version": "0.3.5",
          "from": "mkdirp@0.3.5"
        }
      }
    },
    "ms": {
      "version": "0.6.2",
      "from": "ms@0.6.2",
      "resolved": "https://registry.npmjs.org/ms/-/ms-0.6.2.tgz"
    },
    "multimatch": {
      "version": "0.3.0",
      "from": "multimatch@>=0.3.0 <0.4.0",
      "resolved": "https://registry.npmjs.org/multimatch/-/multimatch-0.3.0.tgz"
    },
    "ncp": {
      "version": "0.5.1",
      "from": "ncp@>=0.5.1 <0.6.0",
      "resolved": "https://registry.npmjs.org/ncp/-/ncp-0.5.1.tgz"
    },
    "nock": {
      "version": "0.38.0",
      "from": "nock@>=0.38.0 <0.39.0",
      "resolved": "https://registry.npmjs.org/nock/-/nock-0.38.0.tgz",
      "dependencies": {
        "debug": {
          "version": "0.8.1",
          "from": "debug@>=0.8.1 <0.9.0",
          "resolved": "https://registry.npmjs.org/debug/-/debug-0.8.1.tgz"
        },
        "lodash": {
          "version": "2.4.1",
          "from": "lodash@2.4.1",
          "resolved": "https://registry.npmjs.org/lodash/-/lodash-2.4.1.tgz"
        }
      }
    },
    "node-uuid": {
      "version": "1.4.7",
      "from": "node-uuid@>=1.4.0 <1.5.0",
      "resolved": "https://registry.npmjs.org/node-uuid/-/node-uuid-1.4.7.tgz"
    },
    "nopt": {
      "version": "1.0.10",
      "from": "nopt@>=1.0.10 <1.1.0",
      "resolved": "https://registry.npmjs.org/nopt/-/nopt-1.0.10.tgz"
    },
    "noptify": {
      "version": "0.0.3",
      "from": "noptify@>=0.0.3 <0.1.0",
      "resolved": "https://registry.npmjs.org/noptify/-/noptify-0.0.3.tgz",
      "dependencies": {
        "nopt": {
          "version": "2.0.0",
          "from": "nopt@>=2.0.0 <2.1.0",
          "resolved": "https://registry.npmjs.org/nopt/-/nopt-2.0.0.tgz"
        }
      }
    },
    "oauth-sign": {
      "version": "0.3.0",
      "from": "oauth-sign@>=0.3.0 <0.4.0",
      "resolved": "http://registry.npmjs.org/oauth-sign/-/oauth-sign-0.3.0.tgz"
    },
    "object-emitter": {
      "version": "0.0.5",
      "from": "object-emitter@0.0.5",
      "resolved": "https://registry.npmjs.org/object-emitter/-/object-emitter-0.0.5.tgz"
    },
    "object-keys": {
      "version": "1.0.11",
      "from": "object-keys@>=1.0.6 <2.0.0",
      "resolved": "https://registry.npmjs.org/object-keys/-/object-keys-1.0.11.tgz"
    },
    "object-settings": {
      "version": "0.2.0",
      "from": "object-settings@>=0.2.0 <0.3.0",
      "resolved": "https://registry.npmjs.org/object-settings/-/object-settings-0.2.0.tgz",
      "dependencies": {
        "debug": {
          "version": "0.7.4",
          "from": "debug@>=0.7.4 <0.8.0",
          "resolved": "https://registry.npmjs.org/debug/-/debug-0.7.4.tgz"
        }
      }
    },
    "once": {
      "version": "1.3.3",
      "from": "once@>=1.3.0 <2.0.0",
      "resolved": "https://registry.npmjs.org/once/-/once-1.3.3.tgz"
    },
    "path-is-absolute": {
      "version": "1.0.0",
      "from": "path-is-absolute@>=1.0.0 <2.0.0",
      "resolved": "https://registry.npmjs.org/path-is-absolute/-/path-is-absolute-1.0.0.tgz"
    },
    "pause": {
      "version": "0.0.1",
      "from": "pause@0.0.1",
      "resolved": "https://registry.npmjs.org/pause/-/pause-0.0.1.tgz"
    },
    "propagate": {
      "version": "0.2.2",
      "from": "propagate@>=0.2.0 <0.3.0",
      "resolved": "https://registry.npmjs.org/propagate/-/propagate-0.2.2.tgz"
    },
    "q": {
      "version": "1.0.1",
      "from": "q@1.0.1",
      "resolved": "https://registry.npmjs.org/q/-/q-1.0.1.tgz"
    },
    "qs": {
      "version": "0.5.6",
      "from": "qs@>=0.5.2 <0.6.0",
      "resolved": "https://registry.npmjs.org/qs/-/qs-0.5.6.tgz"
    },
    "range-parser": {
      "version": "0.0.4",
      "from": "range-parser@0.0.4",
      "resolved": "https://registry.npmjs.org/range-parser/-/range-parser-0.0.4.tgz"
    },
    "readable-stream": {
      "version": "1.1.14",
      "from": "readable-stream@>=1.1.0 <1.2.0",
      "resolved": "https://registry.npmjs.org/readable-stream/-/readable-stream-1.1.14.tgz"
    },
    "rimraf": {
      "version": "2.5.2",
      "from": "rimraf@>=2.2.8 <3.0.0",
      "resolved": "https://registry.npmjs.org/rimraf/-/rimraf-2.5.2.tgz",
      "dependencies": {
        "glob": {
          "version": "7.0.0",
          "from": "glob@>=7.0.0 <8.0.0",
          "resolved": "https://registry.npmjs.org/glob/-/glob-7.0.0.tgz"
        },
        "minimatch": {
          "version": "3.0.0",
          "from": "minimatch@>=2.0.0 <3.0.0||>=3.0.0 <4.0.0",
          "resolved": "https://registry.npmjs.org/minimatch/-/minimatch-3.0.0.tgz"
        }
      }
    },
    "sax": {
      "version": "0.4.3",
      "from": "sax@>=0.4.0 <0.5.0",
      "resolved": "https://registry.npmjs.org/sax/-/sax-0.4.3.tgz"
    },
    "semver": {
      "version": "3.0.1",
      "from": "semver@>=3.0.1 <4.0.0",
      "resolved": "https://registry.npmjs.org/semver/-/semver-3.0.1.tgz"
    },
    "send": {
      "version": "0.1.0",
      "from": "send@0.1.0",
      "resolved": "https://registry.npmjs.org/send/-/send-0.1.0.tgz",
      "dependencies": {
        "mime": {
          "version": "1.2.6",
          "from": "mime@1.2.6",
          "resolved": "https://registry.npmjs.org/mime/-/mime-1.2.6.tgz"
        }
      }
    },
    "shelljs": {
      "version": "0.3.0",
      "from": "shelljs@>=0.3.0 <0.4.0",
      "resolved": "https://registry.npmjs.org/shelljs/-/shelljs-0.3.0.tgz"
    },
    "sigmund": {
      "version": "1.0.1",
      "from": "sigmund@>=1.0.0 <1.1.0",
      "resolved": "https://registry.npmjs.org/sigmund/-/sigmund-1.0.1.tgz"
    },
    "sntp": {
      "version": "0.2.4",
      "from": "sntp@>=0.2.0 <0.3.0",
      "resolved": "http://registry.npmjs.org/sntp/-/sntp-0.2.4.tgz",
      "dependencies": {
        "hoek": {
          "version": "0.9.1",
          "from": "hoek@>=0.9.0 <0.10.0",
          "resolved": "http://registry.npmjs.org/hoek/-/hoek-0.9.1.tgz"
        }
      }
    },
    "stack-parser": {
      "version": "0.0.1",
      "from": "stack-parser@>=0.0.1 <0.1.0",
      "resolved": "https://registry.npmjs.org/stack-parser/-/stack-parser-0.0.1.tgz"
    },
    "string_decoder": {
      "version": "0.10.31",
      "from": "string_decoder@>=0.10.0 <0.11.0",
      "resolved": "https://registry.npmjs.org/string_decoder/-/string_decoder-0.10.31.tgz"
    },
    "strip-json-comments": {
      "version": "1.0.4",
      "from": "strip-json-comments@>=1.0.0 <1.1.0",
      "resolved": "https://registry.npmjs.org/strip-json-comments/-/strip-json-comments-1.0.4.tgz"
    },
    "tiny-lr-fork": {
      "version": "0.0.5",
      "from": "tiny-lr-fork@0.0.5",
      "resolved": "https://registry.npmjs.org/tiny-lr-fork/-/tiny-lr-fork-0.0.5.tgz",
      "dependencies": {
        "debug": {
          "version": "0.7.4",
          "from": "debug@>=0.7.0 <0.8.0",
          "resolved": "https://registry.npmjs.org/debug/-/debug-0.7.4.tgz"
        }
      }
    },
    "tough-cookie": {
      "version": "2.3.1",
      "from": "tough-cookie@>=0.12.0",
      "resolved": "https://registry.npmjs.org/tough-cookie/-/tough-cookie-2.3.1.tgz"
    },
    "tunnel-agent": {
      "version": "0.3.0",
      "from": "tunnel-agent@>=0.3.0 <0.4.0",
      "resolved": "https://registry.npmjs.org/tunnel-agent/-/tunnel-agent-0.3.0.tgz"
    },
    "underscore": {
      "version": "1.7.0",
      "from": "underscore@>=1.7.0 <1.8.0",
      "resolved": "https://registry.npmjs.org/underscore/-/underscore-1.7.0.tgz"
    },
    "underscore.string": {
      "version": "2.2.1",
      "from": "underscore.string@>=2.2.1 <2.3.0",
      "resolved": "https://registry.npmjs.org/underscore.string/-/underscore.string-2.2.1.tgz"
    },
    "which": {
      "version": "1.0.9",
      "from": "which@>=1.0.5 <1.1.0",
      "resolved": "https://registry.npmjs.org/which/-/which-1.0.9.tgz"
    },
    "wordpress": {
      "version": "0.1.3",
      "from": "wordpress@>=0.1.3 <0.2.0",
      "resolved": "https://registry.npmjs.org/wordpress/-/wordpress-0.1.3.tgz"
    },
    "wrappy": {
      "version": "1.0.1",
      "from": "wrappy@>=1.0.0 <2.0.0",
      "resolved": "https://registry.npmjs.org/wrappy/-/wrappy-1.0.1.tgz"
    },
    "xmlbuilder": {
      "version": "2.2.1",
      "from": "xmlbuilder@>=2.2.1 <2.3.0",
      "resolved": "https://registry.npmjs.org/xmlbuilder/-/xmlbuilder-2.2.1.tgz"
    },
    "xmlrpc": {
      "version": "1.0.1",
      "from": "xmlrpc@1.0.1",
      "resolved": "https://registry.npmjs.org/xmlrpc/-/xmlrpc-1.0.1.tgz",
      "dependencies": {
        "xmlbuilder": {
          "version": "0.3.1",
          "from": "xmlbuilder@0.3.1",
          "resolved": "https://registry.npmjs.org/xmlbuilder/-/xmlbuilder-0.3.1.tgz"
        }
      }
    },
    "xtend": {
      "version": "4.0.1",
      "from": "xtend@>=4.0.0 <4.1.0",
      "resolved": "https://registry.npmjs.org/xtend/-/xtend-4.0.1.tgz"
    },
    "yui": {
      "version": "3.14.1",
      "from": "yui@3.14.1",
      "resolved": "https://registry.npmjs.org/yui/-/yui-3.14.1.tgz",
      "dependencies": {
        "qs": {
          "version": "0.6.6",
          "from": "qs@>=0.6.0 <0.7.0",
          "resolved": "https://registry.npmjs.org/qs/-/qs-0.6.6.tgz"
        },
        "request": {
          "version": "2.21.0",
          "from": "request@>=2.21.0 <2.22.0",
          "resolved": "https://registry.npmjs.org/request/-/request-2.21.0.tgz"
        }
      }
    },
    "yuidocjs": {
      "version": "0.3.50",
      "from": "yuidocjs@>=0.3.45 <0.4.0",
      "resolved": "https://registry.npmjs.org/yuidocjs/-/yuidocjs-0.3.50.tgz",
      "dependencies": {
        "graceful-fs": {
          "version": "2.0.3",
          "from": "graceful-fs@>=2.0.0 <3.0.0",
          "resolved": "https://registry.npmjs.org/graceful-fs/-/graceful-fs-2.0.3.tgz"
        },
        "minimatch": {
          "version": "0.2.14",
          "from": "minimatch@>=0.2.11 <0.3.0"
        }
      }
    }
  }
}
